
Microsoft Visual Studio Solution File, Format Version 12.00
# Visual Studio Version 16
VisualStudioVersion = 16.0.29613.14
MinimumVisualStudioVersion = 10.0.40219.1
Project("{9A19103F-16F7-4668-BE54-9A1E7A4F7556}") = "APIGateway", "APIGateway.csproj", "{307021E6-E0B5-4C3B-8F02-27BA23238B67}"
EndProject
Project("{FAE04EC0-301F-11D3-BF4B-00C04F79EFBC}") = "GatewayTests", "..\GatewayTests\GatewayTests.csproj", "{7B58FD26-0791-4B44-8E2F-C2260D2F1545}"
EndProject
Project("{FAE04EC0-301F-11D3-BF4B-00C04F79EFBC}") = "GatewayIntegrationTesting", "..\GatewayIntegrationTesting\GatewayIntegrationTesting.csproj", "{348B5C29-1113-4872-9817-B79EF215ABF4}"
EndProject
Global
	GlobalSection(SolutionConfigurationPlatforms) = preSolution
		Debug|Any CPU = Debug|Any CPU
		Release|Any CPU = Release|Any CPU
	EndGlobalSection
	GlobalSection(ProjectConfigurationPlatforms) = postSolution
		{307021E6-E0B5-4C3B-8F02-27BA23238B67}.Debug|Any CPU.ActiveCfg = Debug|Any CPU
		{307021E6-E0B5-4C3B-8F02-27BA23238B67}.Debug|Any CPU.Build.0 = Debug|Any CPU
		{307021E6-E0B5-4C3B-8F02-27BA23238B67}.Release|Any CPU.ActiveCfg = Release|Any CPU
		{307021E6-E0B5-4C3B-8F02-27BA23238B67}.Release|Any CPU.Build.0 = Release|Any CPU
		{7B58FD26-0791-4B44-8E2F-C2260D2F1545}.Debug|Any CPU.ActiveCfg = Debug|Any CPU
		{7B58FD26-0791-4B44-8E2F-C2260D2F1545}.Debug|Any CPU.Build.0 = Debug|Any CPU
		{7B58FD26-0791-4B44-8E2F-C2260D2F1545}.Release|Any CPU.ActiveCfg = Release|Any CPU
		{7B58FD26-0791-4B44-8E2F-C2260D2F1545}.Release|Any CPU.Build.0 = Release|Any CPU
		{348B5C29-1113-4872-9817-B79EF215ABF4}.Debug|Any CPU.ActiveCfg = Debug|Any CPU
		{348B5C29-1113-4872-9817-B79EF215ABF4}.Debug|Any CPU.Build.0 = Debug|Any CPU
		{348B5C29-1113-4872-9817-B79EF215ABF4}.Release|Any CPU.ActiveCfg = Release|Any CPU
		{348B5C29-1113-4872-9817-B79EF215ABF4}.Release|Any CPU.Build.0 = Release|Any CPU
	EndGlobalSection
	GlobalSection(SolutionProperties) = preSolution
		HideSolutionNode = FALSE
	EndGlobalSection
	GlobalSection(ExtensibilityGlobals) = postSolution
		SolutionGuid = {AFA3ACDA-0EE5-48F2-B135-186556AC1D50}
	EndGlobalSection
EndGlobal
